
Microsoft Visual Studio Solution File, Format Version 12.00
Project("{2150E333-8FDC-42A3-9474-1A3956D46DE8}") = "ControlPlant", "ControlPlant", "{614D3B05-A8FF-4861-A0E8-092A254FB106}"
EndProject
Project("{2150E333-8FDC-42A3-9474-1A3956D46DE8}") = "Solution Items", "Solution Items", "{D7B605CE-6055-4402-907C-9958914E05BE}"
	ProjectSection(SolutionItems) = preProject
		.editorconfig = .editorconfig
		nuget.config = nuget.config
	EndProjectSection
EndProject
Project("{FAE04EC0-301F-11D3-BF4B-00C04F79EFBC}") = "Yarp.ControlPlant.UseCase", "src\ControlPlant\Yarp.ControlPlant.UseCase\Yarp.ControlPlant.UseCase.csproj", "{D2941A2A-F46B-47BD-A9A2-8FC62E6530F4}"
EndProject
Project("{FAE04EC0-301F-11D3-BF4B-00C04F79EFBC}") = "Yarp.ControlPlant.Domain", "src\ControlPlant\Yarp.ControlPlant.Domain\Yarp.ControlPlant.Domain.csproj", "{5364434E-FE28-4EF4-805D-3DC343CBC584}"
EndProject
Project("{FAE04EC0-301F-11D3-BF4B-00C04F79EFBC}") = "Yarp.ControlPlant.Persistence.LocalFile", "src\ControlPlant\Yarp.ControlPlant.Persistence.LocalFile\Yarp.ControlPlant.Persistence.LocalFile.csproj", "{9FB5D1DB-18F6-4998-8157-BE652128CE58}"
EndProject
Project("{FAE04EC0-301F-11D3-BF4B-00C04F79EFBC}") = "Yarp.Gateway", "src\Gateway\Yarp.Gateway\Yarp.Gateway.csproj", "{88B770F5-EB02-44B3-BC41-91E7510C9DD5}"
EndProject
Project("{FAE04EC0-301F-11D3-BF4B-00C04F79EFBC}") = "Yarp.ControlPlant.WebApi", "src\ControlPlant\Yarp.ControlPlant.WebApi\Yarp.ControlPlant.WebApi.csproj", "{FB49A76E-3D8E-4D60-8562-7BA0975A1275}"
EndProject
Project("{2150E333-8FDC-42A3-9474-1A3956D46DE8}") = "src", "src", "{386B23E7-94C3-4604-BB2A-1E39505859E3}"
EndProject
Project("{2150E333-8FDC-42A3-9474-1A3956D46DE8}") = "tests", "tests", "{3934B2B1-9DD8-4C39-9E4D-871287127BF6}"
EndProject
Project("{2150E333-8FDC-42A3-9474-1A3956D46DE8}") = "Gayeway", "Gayeway", "{411AF950-15AB-41DA-A6E6-61D6F9BDD45E}"
EndProject
Project("{FAE04EC0-301F-11D3-BF4B-00C04F79EFBC}") = "Yarp.ControlPlant.Infra", "src\ControlPlant\Yarp.ControlPlant.Infra\Yarp.ControlPlant.Infra.csproj", "{F6DC5676-D666-43C3-9B6E-B5E575DD69C5}"
EndProject
Project("{FAE04EC0-301F-11D3-BF4B-00C04F79EFBC}") = "Yarp.ControlPlant.Persistence.Pgsql", "src\ControlPlant\Yarp.ControlPlant.Persistence.Pgsql\Yarp.ControlPlant.Persistence.Pgsql.csproj", "{E06CAF2D-1A3F-494D-A713-58E559062829}"
EndProject
Project("{2150E333-8FDC-42A3-9474-1A3956D46DE8}") = "docker", "docker", "{E6E0E7AA-C746-496F-AEAD-6CC096095187}"
	ProjectSection(SolutionItems) = preProject
		docker\docker-compose.yaml = docker\docker-compose.yaml
	EndProjectSection
EndProject
Project("{2150E333-8FDC-42A3-9474-1A3956D46DE8}") = "env-file", "env-file", "{5FDF7D3A-593C-4603-8932-F85F1DA90253}"
	ProjectSection(SolutionItems) = preProject
		docker\env-file\yarp-gateway-otel.env = docker\env-file\yarp-gateway-otel.env
		docker\env-file\yarp-controller-webapi-otel.env = docker\env-file\yarp-controller-webapi-otel.env
	EndProjectSection
EndProject
Project("{2150E333-8FDC-42A3-9474-1A3956D46DE8}") = "gateway-config", "gateway-config", "{31D2B14C-A203-40E3-9FD1-BAF4144BB09B}"
	ProjectSection(SolutionItems) = preProject
		docker\gateway-config\ReverseProxy-RoutesSetting.json = docker\gateway-config\ReverseProxy-RoutesSetting.json
		docker\gateway-config\ReverseProxy-ClustersSetting.json = docker\gateway-config\ReverseProxy-ClustersSetting.json
	EndProjectSection
EndProject
Project("{2150E333-8FDC-42A3-9474-1A3956D46DE8}") = "otel-config", "otel-config", "{4D1E2B2A-B1EE-46C4-89EC-CF5A74F952FE}"
	ProjectSection(SolutionItems) = preProject
		docker\otel-config\otel-collector-contrib-config.yaml = docker\otel-config\otel-collector-contrib-config.yaml
	EndProjectSection
EndProject
Project("{2150E333-8FDC-42A3-9474-1A3956D46DE8}") = "grafana-config", "grafana-config", "{48927DFA-DB50-4004-B581-9310FB243EA5}"
	ProjectSection(SolutionItems) = preProject
		docker\grafana-config\loki-local.yaml = docker\grafana-config\loki-local.yaml
		docker\grafana-config\prometheus.yaml = docker\grafana-config\prometheus.yaml
		docker\grafana-config\tempo.yaml = docker\grafana-config\tempo.yaml
	EndProjectSection
EndProject
Project("{2150E333-8FDC-42A3-9474-1A3956D46DE8}") = "dashboards", "dashboards", "{CF60F71F-CD1B-4002-BD3F-FDA7C5FF579C}"
	ProjectSection(SolutionItems) = preProject
		docker\grafana-config\dashboards\logs-app.json = docker\grafana-config\dashboards\logs-app.json
	EndProjectSection
EndProject
Project("{2150E333-8FDC-42A3-9474-1A3956D46DE8}") = "sql", "sql", "{8269AB4A-5BC5-4861-BDC8-50B47F377EF4}"
	ProjectSection(SolutionItems) = preProject
		docker\sql\fill_tables.sql = docker\sql\fill_tables.sql
		docker\sql\create_tables.sql = docker\sql\create_tables.sql
	EndProjectSection
EndProject
Project("{2150E333-8FDC-42A3-9474-1A3956D46DE8}") = "provisioning", "provisioning", "{7D0F0197-463B-43EE-99C3-AB4D70A21AB2}"
EndProject
Project("{2150E333-8FDC-42A3-9474-1A3956D46DE8}") = "dashboards", "dashboards", "{BFD3FBA2-3436-41CC-8CB1-2FEB16F7F140}"
	ProjectSection(SolutionItems) = preProject
		docker\grafana-config\provisioning\dashboards\dashboards.yaml = docker\grafana-config\provisioning\dashboards\dashboards.yaml
	EndProjectSection
EndProject
Project("{2150E333-8FDC-42A3-9474-1A3956D46DE8}") = "datasources", "datasources", "{B898BB36-056D-4508-8D6B-334D870B2F24}"
	ProjectSection(SolutionItems) = preProject
		docker\grafana-config\provisioning\datasources\datasources.yaml = docker\grafana-config\provisioning\datasources\datasources.yaml
	EndProjectSection
EndProject
Project("{2150E333-8FDC-42A3-9474-1A3956D46DE8}") = "charts", "charts", "{952854D9-C85E-42EC-8D2C-9CE7EE668AD3}"
	ProjectSection(SolutionItems) = preProject
		charts\yarp-gateway\.helmignore = charts\yarp-gateway\.helmignore
		charts\yarp-gateway\Chart.yaml = charts\yarp-gateway\Chart.yaml
		charts\yarp-gateway\README.md = charts\yarp-gateway\README.md
		charts\yarp-gateway\templates\configmap-auth-config.yaml = charts\yarp-gateway\templates\configmap-auth-config.yaml
		charts\yarp-gateway\templates\configmap-otel-env.yaml = charts\yarp-gateway\templates\configmap-otel-env.yaml
		charts\yarp-gateway\templates\configmap-yarp-config.yaml = charts\yarp-gateway\templates\configmap-yarp-config.yaml
		charts\yarp-gateway\templates\deployment.yaml = charts\yarp-gateway\templates\deployment.yaml
		charts\yarp-gateway\templates\destinationRule.yaml = charts\yarp-gateway\templates\destinationRule.yaml
		charts\yarp-gateway\templates\gateway.yaml = charts\yarp-gateway\templates\gateway.yaml
		charts\yarp-gateway\templates\horizontalPodAutoscaler.yaml = charts\yarp-gateway\templates\horizontalPodAutoscaler.yaml
		charts\yarp-gateway\templates\podDisruptionBudget.yaml = charts\yarp-gateway\templates\podDisruptionBudget.yaml
		charts\yarp-gateway\templates\rollout.yaml = charts\yarp-gateway\templates\rollout.yaml
		charts\yarp-gateway\templates\service.yaml = charts\yarp-gateway\templates\service.yaml
		charts\yarp-gateway\templates\serviceAccount.yaml = charts\yarp-gateway\templates\serviceAccount.yaml
		charts\yarp-gateway\templates\virtualService.yaml = charts\yarp-gateway\templates\virtualService.yaml
		charts\yarp-gateway\values.yaml = charts\yarp-gateway\values.yaml
		charts\yarp-gateway\yarpConfig\ClustersSetting.json = charts\yarp-gateway\yarpConfig\ClustersSetting.json
		charts\yarp-gateway\yarpConfig\RoutesSetting.json = charts\yarp-gateway\yarpConfig\RoutesSetting.json
	EndProjectSection
EndProject
Project("{2150E333-8FDC-42A3-9474-1A3956D46DE8}") = ".github", ".github", "{D1240373-3BB2-409E-94E2-9A21708E3C3E}"
	ProjectSection(SolutionItems) = preProject
		.github\yarp-gateway.yaml = .github\yarp-gateway.yaml
	EndProjectSection
EndProject
Global
	GlobalSection(SolutionConfigurationPlatforms) = preSolution
		Debug|Any CPU = Debug|Any CPU
		Release|Any CPU = Release|Any CPU
	EndGlobalSection
	GlobalSection(ProjectConfigurationPlatforms) = postSolution
		{D2941A2A-F46B-47BD-A9A2-8FC62E6530F4}.Debug|Any CPU.ActiveCfg = Debug|Any CPU
		{D2941A2A-F46B-47BD-A9A2-8FC62E6530F4}.Debug|Any CPU.Build.0 = Debug|Any CPU
		{D2941A2A-F46B-47BD-A9A2-8FC62E6530F4}.Release|Any CPU.ActiveCfg = Release|Any CPU
		{D2941A2A-F46B-47BD-A9A2-8FC62E6530F4}.Release|Any CPU.Build.0 = Release|Any CPU
		{5364434E-FE28-4EF4-805D-3DC343CBC584}.Debug|Any CPU.ActiveCfg = Debug|Any CPU
		{5364434E-FE28-4EF4-805D-3DC343CBC584}.Debug|Any CPU.Build.0 = Debug|Any CPU
		{5364434E-FE28-4EF4-805D-3DC343CBC584}.Release|Any CPU.ActiveCfg = Release|Any CPU
		{5364434E-FE28-4EF4-805D-3DC343CBC584}.Release|Any CPU.Build.0 = Release|Any CPU
		{9FB5D1DB-18F6-4998-8157-BE652128CE58}.Debug|Any CPU.ActiveCfg = Debug|Any CPU
		{9FB5D1DB-18F6-4998-8157-BE652128CE58}.Debug|Any CPU.Build.0 = Debug|Any CPU
		{9FB5D1DB-18F6-4998-8157-BE652128CE58}.Release|Any CPU.ActiveCfg = Release|Any CPU
		{9FB5D1DB-18F6-4998-8157-BE652128CE58}.Release|Any CPU.Build.0 = Release|Any CPU
		{88B770F5-EB02-44B3-BC41-91E7510C9DD5}.Debug|Any CPU.ActiveCfg = Debug|Any CPU
		{88B770F5-EB02-44B3-BC41-91E7510C9DD5}.Debug|Any CPU.Build.0 = Debug|Any CPU
		{88B770F5-EB02-44B3-BC41-91E7510C9DD5}.Release|Any CPU.ActiveCfg = Release|Any CPU
		{88B770F5-EB02-44B3-BC41-91E7510C9DD5}.Release|Any CPU.Build.0 = Release|Any CPU
		{FB49A76E-3D8E-4D60-8562-7BA0975A1275}.Debug|Any CPU.ActiveCfg = Debug|Any CPU
		{FB49A76E-3D8E-4D60-8562-7BA0975A1275}.Debug|Any CPU.Build.0 = Debug|Any CPU
		{FB49A76E-3D8E-4D60-8562-7BA0975A1275}.Release|Any CPU.ActiveCfg = Release|Any CPU
		{FB49A76E-3D8E-4D60-8562-7BA0975A1275}.Release|Any CPU.Build.0 = Release|Any CPU
		{F6DC5676-D666-43C3-9B6E-B5E575DD69C5}.Debug|Any CPU.ActiveCfg = Debug|Any CPU
		{F6DC5676-D666-43C3-9B6E-B5E575DD69C5}.Debug|Any CPU.Build.0 = Debug|Any CPU
		{F6DC5676-D666-43C3-9B6E-B5E575DD69C5}.Release|Any CPU.ActiveCfg = Release|Any CPU
		{F6DC5676-D666-43C3-9B6E-B5E575DD69C5}.Release|Any CPU.Build.0 = Release|Any CPU
		{E06CAF2D-1A3F-494D-A713-58E559062829}.Debug|Any CPU.ActiveCfg = Debug|Any CPU
		{E06CAF2D-1A3F-494D-A713-58E559062829}.Debug|Any CPU.Build.0 = Debug|Any CPU
		{E06CAF2D-1A3F-494D-A713-58E559062829}.Release|Any CPU.ActiveCfg = Release|Any CPU
		{E06CAF2D-1A3F-494D-A713-58E559062829}.Release|Any CPU.Build.0 = Release|Any CPU
	EndGlobalSection
	GlobalSection(NestedProjects) = preSolution
		{614D3B05-A8FF-4861-A0E8-092A254FB106} = {386B23E7-94C3-4604-BB2A-1E39505859E3}
		{FB49A76E-3D8E-4D60-8562-7BA0975A1275} = {614D3B05-A8FF-4861-A0E8-092A254FB106}
		{D2941A2A-F46B-47BD-A9A2-8FC62E6530F4} = {614D3B05-A8FF-4861-A0E8-092A254FB106}
		{5364434E-FE28-4EF4-805D-3DC343CBC584} = {614D3B05-A8FF-4861-A0E8-092A254FB106}
		{411AF950-15AB-41DA-A6E6-61D6F9BDD45E} = {386B23E7-94C3-4604-BB2A-1E39505859E3}
		{88B770F5-EB02-44B3-BC41-91E7510C9DD5} = {411AF950-15AB-41DA-A6E6-61D6F9BDD45E}
		{F6DC5676-D666-43C3-9B6E-B5E575DD69C5} = {614D3B05-A8FF-4861-A0E8-092A254FB106}
		{E06CAF2D-1A3F-494D-A713-58E559062829} = {614D3B05-A8FF-4861-A0E8-092A254FB106}
		{9FB5D1DB-18F6-4998-8157-BE652128CE58} = {614D3B05-A8FF-4861-A0E8-092A254FB106}
		{5FDF7D3A-593C-4603-8932-F85F1DA90253} = {E6E0E7AA-C746-496F-AEAD-6CC096095187}
		{31D2B14C-A203-40E3-9FD1-BAF4144BB09B} = {E6E0E7AA-C746-496F-AEAD-6CC096095187}
		{4D1E2B2A-B1EE-46C4-89EC-CF5A74F952FE} = {E6E0E7AA-C746-496F-AEAD-6CC096095187}
		{48927DFA-DB50-4004-B581-9310FB243EA5} = {E6E0E7AA-C746-496F-AEAD-6CC096095187}
		{CF60F71F-CD1B-4002-BD3F-FDA7C5FF579C} = {48927DFA-DB50-4004-B581-9310FB243EA5}
		{8269AB4A-5BC5-4861-BDC8-50B47F377EF4} = {E6E0E7AA-C746-496F-AEAD-6CC096095187}
		{7D0F0197-463B-43EE-99C3-AB4D70A21AB2} = {48927DFA-DB50-4004-B581-9310FB243EA5}
		{BFD3FBA2-3436-41CC-8CB1-2FEB16F7F140} = {7D0F0197-463B-43EE-99C3-AB4D70A21AB2}
		{B898BB36-056D-4508-8D6B-334D870B2F24} = {7D0F0197-463B-43EE-99C3-AB4D70A21AB2}
	EndGlobalSection
EndGlobal
